// !$*UTF8*$!
{
	archiveVersion = 1;
	classes = {
	};
	objectVersion = 46;
	objects = {

/* Begin PBXBuildFile section */
		08323D0C1CBE4F0D006344C7 /* AppDelegate.swift in Sources */ = {isa = PBXBuildFile; fileRef = 08323D0B1CBE4F0D006344C7 /* AppDelegate.swift */; };
		08323D0E1CBE4F0D006344C7 /* ViewController.swift in Sources */ = {isa = PBXBuildFile; fileRef = 08323D0D1CBE4F0D006344C7 /* ViewController.swift */; };
		08323D111CBE4F0D006344C7 /* Main.storyboard in Resources */ = {isa = PBXBuildFile; fileRef = 08323D0F1CBE4F0D006344C7 /* Main.storyboard */; };
		08323D131CBE4F0D006344C7 /* Assets.xcassets in Resources */ = {isa = PBXBuildFile; fileRef = 08323D121CBE4F0D006344C7 /* Assets.xcassets */; };
		08323D161CBE4F0D006344C7 /* LaunchScreen.storyboard in Resources */ = {isa = PBXBuildFile; fileRef = 08323D141CBE4F0D006344C7 /* LaunchScreen.storyboard */; };
		08323D211CBE4F0D006344C7 /* ButtonExperimentTests.swift in Sources */ = {isa = PBXBuildFile; fileRef = 08323D201CBE4F0D006344C7 /* ButtonExperimentTests.swift */; };
		08323D2C1CBE4F0D006344C7 /* ButtonExperimentUITests.swift in Sources */ = {isa = PBXBuildFile; fileRef = 08323D2B1CBE4F0D006344C7 /* ButtonExperimentUITests.swift */; };
		08323D3A1CBE5259006344C7 /* ProgressButton.swift in Sources */ = {isa = PBXBuildFile; fileRef = 08323D391CBE5259006344C7 /* ProgressButton.swift */; };
		08323D3C1CBE6FB3006344C7 /* Loop.swift in Sources */ = {isa = PBXBuildFile; fileRef = 08323D3B1CBE6FB3006344C7 /* Loop.swift */; };
/* End PBXBuildFile section */

/* Begin PBXContainerItemProxy section */
		08323D1D1CBE4F0D006344C7 /* PBXContainerItemProxy */ = {
			isa = PBXContainerItemProxy;
			containerPortal = 08323D001CBE4F0D006344C7 /* Project object */;
			proxyType = 1;
			remoteGlobalIDString = 08323D071CBE4F0D006344C7;
			remoteInfo = ButtonExperiment;
		};
		08323D281CBE4F0D006344C7 /* PBXContainerItemProxy */ = {
			isa = PBXContainerItemProxy;
			containerPortal = 08323D001CBE4F0D006344C7 /* Project object */;
			proxyType = 1;
			remoteGlobalIDString = 08323D071CBE4F0D006344C7;
			remoteInfo = ButtonExperiment;
		};
/* End PBXContainerItemProxy section */

/* Begin PBXFileReference section */
		08323D081CBE4F0D006344C7 /* ButtonExperiment.app */ = {isa = PBXFileReference; explicitFileType = wrapper.application; includeInIndex = 0; path = ButtonExperiment.app; sourceTree = BUILT_PRODUCTS_DIR; };
		08323D0B1CBE4F0D006344C7 /* AppDelegate.swift */ = {isa = PBXFileReference; lastKnownFileType = sourcecode.swift; path = AppDelegate.swift; sourceTree = "<group>"; };
		08323D0D1CBE4F0D006344C7 /* ViewController.swift */ = {isa = PBXFileReference; lastKnownFileType = sourcecode.swift; path = ViewController.swift; sourceTree = "<group>"; };
		08323D101CBE4F0D006344C7 /* Base */ = {isa = PBXFileReference; lastKnownFileType = file.storyboard; name = Base; path = Base.lproj/Main.storyboard; sourceTree = "<group>"; };
		08323D121CBE4F0D006344C7 /* Assets.xcassets */ = {isa = PBXFileReference; lastKnownFileType = folder.assetcatalog; path = Assets.xcassets; sourceTree = "<group>"; };
		08323D151CBE4F0D006344C7 /* Base */ = {isa = PBXFileReference; lastKnownFileType = file.storyboard; name = Base; path = Base.lproj/LaunchScreen.storyboard; sourceTree = "<group>"; };
		08323D171CBE4F0D006344C7 /* Info.plist */ = {isa = PBXFileReference; lastKnownFileType = text.plist.xml; path = Info.plist; sourceTree = "<group>"; };
		08323D1C1CBE4F0D006344C7 /* ButtonExperimentTests.xctest */ = {isa = PBXFileReference; explicitFileType = wrapper.cfbundle; includeInIndex = 0; path = ButtonExperimentTests.xctest; sourceTree = BUILT_PRODUCTS_DIR; };
		08323D201CBE4F0D006344C7 /* ButtonExperimentTests.swift */ = {isa = PBXFileReference; lastKnownFileType = sourcecode.swift; path = ButtonExperimentTests.swift; sourceTree = "<group>"; };
		08323D221CBE4F0D006344C7 /* Info.plist */ = {isa = PBXFileReference; lastKnownFileType = text.plist.xml; path = Info.plist; sourceTree = "<group>"; };
		08323D271CBE4F0D006344C7 /* ButtonExperimentUITests.xctest */ = {isa = PBXFileReference; explicitFileType = wrapper.cfbundle; includeInIndex = 0; path = ButtonExperimentUITests.xctest; sourceTree = BUILT_PRODUCTS_DIR; };
		08323D2B1CBE4F0D006344C7 /* ButtonExperimentUITests.swift */ = {isa = PBXFileReference; lastKnownFileType = sourcecode.swift; path = ButtonExperimentUITests.swift; sourceTree = "<group>"; };
		08323D2D1CBE4F0D006344C7 /* Info.plist */ = {isa = PBXFileReference; lastKnownFileType = text.plist.xml; path = Info.plist; sourceTree = "<group>"; };
		08323D391CBE5259006344C7 /* ProgressButton.swift */ = {isa = PBXFileReference; fileEncoding = 4; lastKnownFileType = sourcecode.swift; path = ProgressButton.swift; sourceTree = "<group>"; };
		08323D3B1CBE6FB3006344C7 /* Loop.swift */ = {isa = PBXFileReference; fileEncoding = 4; lastKnownFileType = sourcecode.swift; path = Loop.swift; sourceTree = "<group>"; };
/* End PBXFileReference section */

/* Begin PBXFrameworksBuildPhase section */
		08323D051CBE4F0D006344C7 /* Frameworks */ = {
			isa = PBXFrameworksBuildPhase;
			buildActionMask = 2147483647;
			files = (
			);
			runOnlyForDeploymentPostprocessing = 0;
		};
		08323D191CBE4F0D006344C7 /* Frameworks */ = {
			isa = PBXFrameworksBuildPhase;
			buildActionMask = 2147483647;
			files = (
			);
			runOnlyForDeploymentPostprocessing = 0;
		};
		08323D241CBE4F0D006344C7 /* Frameworks */ = {
			isa = PBXFrameworksBuildPhase;
			buildActionMask = 2147483647;
			files = (
			);
			runOnlyForDeploymentPostprocessing = 0;
		};
/* End PBXFrameworksBuildPhase section */

/* Begin PBXGroup section */
		08323CFF1CBE4F0D006344C7 = {
			isa = PBXGroup;
			children = (
				08323D0A1CBE4F0D006344C7 /* ButtonExperiment */,
				08323D1F1CBE4F0D006344C7 /* ButtonExperimentTests */,
				08323D2A1CBE4F0D006344C7 /* ButtonExperimentUITests */,
				08323D091CBE4F0D006344C7 /* Products */,
			);
			sourceTree = "<group>";
		};
		08323D091CBE4F0D006344C7 /* Products */ = {
			isa = PBXGroup;
			children = (
				08323D081CBE4F0D006344C7 /* ButtonExperiment.app */,
				08323D1C1CBE4F0D006344C7 /* ButtonExperimentTests.xctest */,
				08323D271CBE4F0D006344C7 /* ButtonExperimentUITests.xctest */,
			);
			name = Products;
			sourceTree = "<group>";
		};
		08323D0A1CBE4F0D006344C7 /* ButtonExperiment */ = {
			isa = PBXGroup;
			children = (
				08323D0B1CBE4F0D006344C7 /* AppDelegate.swift */,
				08323D0D1CBE4F0D006344C7 /* ViewController.swift */,
				08323D3B1CBE6FB3006344C7 /* Loop.swift */,
				08323D391CBE5259006344C7 /* ProgressButton.swift */,
				08323D0F1CBE4F0D006344C7 /* Main.storyboard */,
				08323D121CBE4F0D006344C7 /* Assets.xcassets */,
				08323D141CBE4F0D006344C7 /* LaunchScreen.storyboard */,
				08323D171CBE4F0D006344C7 /* Info.plist */,
			);
			path = ButtonExperiment;
			sourceTree = "<group>";
		};
		08323D1F1CBE4F0D006344C7 /* ButtonExperimentTests */ = {
			isa = PBXGroup;
			children = (
				08323D201CBE4F0D006344C7 /* ButtonExperimentTests.swift */,
				08323D221CBE4F0D006344C7 /* Info.plist */,
			);
			path = ButtonExperimentTests;
			sourceTree = "<group>";
		};
		08323D2A1CBE4F0D006344C7 /* ButtonExperimentUITests */ = {
			isa = PBXGroup;
			children = (
				08323D2B1CBE4F0D006344C7 /* ButtonExperimentUITests.swift */,
				08323D2D1CBE4F0D006344C7 /* Info.plist */,
			);
			path = ButtonExperimentUITests;
			sourceTree = "<group>";
		};
/* End PBXGroup section */

/* Begin PBXNativeTarget section */
		08323D071CBE4F0D006344C7 /* ButtonExperiment */ = {
			isa = PBXNativeTarget;
			buildConfigurationList = 08323D301CBE4F0D006344C7 /* Build configuration list for PBXNativeTarget "ButtonExperiment" */;
			buildPhases = (
				08323D041CBE4F0D006344C7 /* Sources */,
				08323D051CBE4F0D006344C7 /* Frameworks */,
				08323D061CBE4F0D006344C7 /* Resources */,
			);
			buildRules = (
			);
			dependencies = (
			);
			name = ButtonExperiment;
			productName = ButtonExperiment;
			productReference = 08323D081CBE4F0D006344C7 /* ButtonExperiment.app */;
			productType = "com.apple.product-type.application";
		};
		08323D1B1CBE4F0D006344C7 /* ButtonExperimentTests */ = {
			isa = PBXNativeTarget;
			buildConfigurationList = 08323D331CBE4F0D006344C7 /* Build configuration list for PBXNativeTarget "ButtonExperimentTests" */;
			buildPhases = (
				08323D181CBE4F0D006344C7 /* Sources */,
				08323D191CBE4F0D006344C7 /* Frameworks */,
				08323D1A1CBE4F0D006344C7 /* Resources */,
			);
			buildRules = (
			);
			dependencies = (
				08323D1E1CBE4F0D006344C7 /* PBXTargetDependency */,
			);
			name = ButtonExperimentTests;
			productName = ButtonExperimentTests;
			productReference = 08323D1C1CBE4F0D006344C7 /* ButtonExperimentTests.xctest */;
			productType = "com.apple.product-type.bundle.unit-test";
		};
		08323D261CBE4F0D006344C7 /* ButtonExperimentUITests */ = {
			isa = PBXNativeTarget;
			buildConfigurationList = 08323D361CBE4F0D006344C7 /* Build configuration list for PBXNativeTarget "ButtonExperimentUITests" */;
			buildPhases = (
				08323D231CBE4F0D006344C7 /* Sources */,
				08323D241CBE4F0D006344C7 /* Frameworks */,
				08323D251CBE4F0D006344C7 /* Resources */,
			);
			buildRules = (
			);
			dependencies = (
				08323D291CBE4F0D006344C7 /* PBXTargetDependency */,
			);
			name = ButtonExperimentUITests;
			productName = ButtonExperimentUITests;
			productReference = 08323D271CBE4F0D006344C7 /* ButtonExperimentUITests.xctest */;
			productType = "com.apple.product-type.bundle.ui-testing";
		};
/* End PBXNativeTarget section */

/* Begin PBXProject section */
		08323D001CBE4F0D006344C7 /* Project object */ = {
			isa = PBXProject;
			attributes = {
				LastSwiftUpdateCheck = 0730;
				LastUpgradeCheck = 0730;
				ORGANIZATIONNAME = "Ways AS";
				TargetAttributes = {
					08323D071CBE4F0D006344C7 = {
						CreatedOnToolsVersion = 7.3;
					};
					08323D1B1CBE4F0D006344C7 = {
						CreatedOnToolsVersion = 7.3;
						TestTargetID = 08323D071CBE4F0D006344C7;
					};
					08323D261CBE4F0D006344C7 = {
						CreatedOnToolsVersion = 7.3;
						TestTargetID = 08323D071CBE4F0D006344C7;
					};
				};
			};
			buildConfigurationList = 08323D031CBE4F0D006344C7 /* Build configuration list for PBXProject "ButtonExperiment" */;
			compatibilityVersion = "Xcode 3.2";
			developmentRegion = English;
			hasScannedForEncodings = 0;
			knownRegions = (
				en,
				Base,
			);
			mainGroup = 08323CFF1CBE4F0D006344C7;
			productRefGroup = 08323D091CBE4F0D006344C7 /* Products */;
			projectDirPath = "";
			projectRoot = "";
			targets = (
				08323D071CBE4F0D006344C7 /* ButtonExperiment */,
				08323D1B1CBE4F0D006344C7 /* ButtonExperimentTests */,
				08323D261CBE4F0D006344C7 /* ButtonExperimentUITests */,
			);
		};
/* End PBXProject section */

/* Begin PBXResourcesBuildPhase section */
		08323D061CBE4F0D006344C7 /* Resources */ = {
			isa = PBXResourcesBuildPhase;
			buildActionMask = 2147483647;
			files = (
				08323D161CBE4F0D006344C7 /* LaunchScreen.storyboard in Resources */,
				08323D131CBE4F0D006344C7 /* Assets.xcassets in Resources */,
				08323D111CBE4F0D006344C7 /* Main.storyboard in Resources */,
			);
			runOnlyForDeploymentPostprocessing = 0;
		};
		08323D1A1CBE4F0D006344C7 /* Resources */ = {
			isa = PBXResourcesBuildPhase;
			buildActionMask = 2147483647;
			files = (
			);
			runOnlyForDeploymentPostprocessing = 0;
		};
		08323D251CBE4F0D006344C7 /* Resources */ = {
			isa = PBXResourcesBuildPhase;
			buildActionMask = 2147483647;
			files = (
			);
			runOnlyForDeploymentPostprocessing = 0;
		};
/* End PBXResourcesBuildPhase section */

/* Begin PBXSourcesBuildPhase section */
		08323D041CBE4F0D006344C7 /* Sources */ = {
			isa = PBXSourcesBuildPhase;
			buildActionMask = 2147483647;
			files = (
				08323D3A1CBE5259006344C7 /* ProgressButton.swift in Sources */,
				08323D0E1CBE4F0D006344C7 /* ViewController.swift in Sources */,
				08323D0C1CBE4F0D006344C7 /* AppDelegate.swift in Sources */,
				08323D3C1CBE6FB3006344C7 /* Loop.swift in Sources */,
			);
			runOnlyForDeploymentPostprocessing = 0;
		};
		08323D181CBE4F0D006344C7 /* Sources */ = {
			isa = PBXSourcesBuildPhase;
			buildActionMask = 2147483647;
			files = (
				08323D211CBE4F0D006344C7 /* ButtonExperimentTests.swift in Sources */,
			);
			runOnlyForDeploymentPostprocessing = 0;
		};
		08323D231CBE4F0D006344C7 /* Sources */ = {
			isa = PBXSourcesBuildPhase;
			buildActionMask = 2147483647;
			files = (
				08323D2C1CBE4F0D006344C7 /* ButtonExperimentUITests.swift in Sources */,
			);
			runOnlyForDeploymentPostprocessing = 0;
		};
/* End PBXSourcesBuildPhase section */

/* Begin PBXTargetDependency section */
		08323D1E1CBE4F0D006344C7 /* PBXTargetDependency */ = {
			isa = PBXTargetDependency;
			target = 08323D071CBE4F0D006344C7 /* ButtonExperiment */;
			targetProxy = 08323D1D1CBE4F0D006344C7 /* PBXContainerItemProxy */;
		};
		08323D291CBE4F0D006344C7 /* PBXTargetDependency */ = {
			isa = PBXTargetDependency;
			target = 08323D071CBE4F0D006344C7 /* ButtonExperiment */;
			targetProxy = 08323D281CBE4F0D006344C7 /* PBXContainerItemProxy */;
		};
/* End PBXTargetDependency section */

/* Begin PBXVariantGroup section */
		08323D0F1CBE4F0D006344C7 /* Main.storyboard */ = {
			isa = PBXVariantGroup;
			children = (
				08323D101CBE4F0D006344C7 /* Base */,
			);
			name = Main.storyboard;
			sourceTree = "<group>";
		};
		08323D141CBE4F0D006344C7 /* LaunchScreen.storyboard */ = {
			isa = PBXVariantGroup;
			children = (
				08323D151CBE4F0D006344C7 /* Base */,
			);
			name = LaunchScreen.storyboard;
			sourceTree = "<group>";
		};
/* End PBXVariantGroup section */

/* Begin XCBuildConfiguration section */
		08323D2E1CBE4F0D006344C7 /* Debug */ = {
			isa = XCBuildConfiguration;
			buildSettings = {
				ALWAYS_SEARCH_USER_PATHS = NO;
				CLANG_ANALYZER_NONNULL = YES;
				CLANG_CXX_LANGUAGE_STANDARD = "gnu++0x";
				CLANG_CXX_LIBRARY = "libc++";
				CLANG_ENABLE_MODULES = YES;
				CLANG_ENABLE_OBJC_ARC = YES;
				CLANG_WARN_BOOL_CONVERSION = YES;
				CLANG_WARN_CONSTANT_CONVERSION = YES;
				CLANG_WARN_DIRECT_OBJC_ISA_USAGE = YES_ERROR;
				CLANG_WARN_EMPTY_BODY = YES;
				CLANG_WARN_ENUM_CONVERSION = YES;
				CLANG_WARN_INT_CONVERSION = YES;
				CLANG_WARN_OBJC_ROOT_CLASS = YES_ERROR;
				CLANG_WARN_UNREACHABLE_CODE = YES;
				CLANG_WARN__DUPLICATE_METHOD_MATCH = YES;
				"CODE_SIGN_IDENTITY[sdk=iphoneos*]" = "iPhone Developer";
				COPY_PHASE_STRIP = NO;
				DEBUG_INFORMATION_FORMAT = dwarf;
				ENABLE_STRICT_OBJC_MSGSEND = YES;
				ENABLE_TESTABILITY = YES;
				GCC_C_LANGUAGE_STANDARD = gnu99;
				GCC_DYNAMIC_NO_PIC = NO;
				GCC_NO_COMMON_BLOCKS = YES;
				GCC_OPTIMIZATION_LEVEL = 0;
				GCC_PREPROCESSOR_DEFINITIONS = (
					"DEBUG=1",
					"$(inherited)",
				);
				GCC_WARN_64_TO_32_BIT_CONVERSION = YES;
				GCC_WARN_ABOUT_RETURN_TYPE = YES_ERROR;
				GCC_WARN_UNDECLARED_SELECTOR = YES;
				GCC_WARN_UNINITIALIZED_AUTOS = YES_AGGRESSIVE;
				GCC_WARN_UNUSED_FUNCTION = YES;
				GCC_WARN_UNUSED_VARIABLE = YES;
				IPHONEOS_DEPLOYMENT_TARGET = 9.3;
				MTL_ENABLE_DEBUG_INFO = YES;
				ONLY_ACTIVE_ARCH = YES;
				SDKROOT = iphoneos;
				SWIFT_OPTIMIZATION_LEVEL = "-Onone";
				TARGETED_DEVICE_FAMILY = "1,2";
			};
			name = Debug;
		};
		08323D2F1CBE4F0D006344C7 /* Release */ = {
			isa = XCBuildConfiguration;
			buildSettings = {
				ALWAYS_SEARCH_USER_PATHS = NO;
				CLANG_ANALYZER_NONNULL = YES;
				CLANG_CXX_LANGUAGE_STANDARD = "gnu++0x";
				CLANG_CXX_LIBRARY = "libc++";
				CLANG_ENABLE_MODULES = YES;
				CLANG_ENABLE_OBJC_ARC = YES;
				CLANG_WARN_BOOL_CONVERSION = YES;
				CLANG_WARN_CONSTANT_CONVERSION = YES;
				CLANG_WARN_DIRECT_OBJC_ISA_USAGE = YES_ERROR;
				CLANG_WARN_EMPTY_BODY = YES;
				CLANG_WARN_ENUM_CONVERSION = YES;
				CLANG_WARN_INT_CONVERSION = YES;
				CLANG_WARN_OBJC_ROOT_CLASS = YES_ERROR;
				CLANG_WARN_UNREACHABLE_CODE = YES;
				CLANG_WARN__DUPLICATE_METHOD_MATCH = YES;
				"CODE_SIGN_IDENTITY[sdk=iphoneos*]" = "iPhone Developer";
				COPY_PHASE_STRIP = NO;
				DEBUG_INFORMATION_FORMAT = "dwarf-with-dsym";
				ENABLE_NS_ASSERTIONS = NO;
				ENABLE_STRICT_OBJC_MSGSEND = YES;
				GCC_C_LANGUAGE_STANDARD = gnu99;
				GCC_NO_COMMON_BLOCKS = YES;
				GCC_WARN_64_TO_32_BIT_CONVERSION = YES;
				GCC_WARN_ABOUT_RETURN_TYPE = YES_ERROR;
				GCC_WARN_UNDECLARED_SELECTOR = YES;
				GCC_WARN_UNINITIALIZED_AUTOS = YES_AGGRESSIVE;
				GCC_WARN_UNUSED_FUNCTION = YES;
				GCC_WARN_UNUSED_VARIABLE = YES;
				IPHONEOS_DEPLOYMENT_TARGET = 9.3;
				MTL_ENABLE_DEBUG_INFO = NO;
				SDKROOT = iphoneos;
				TARGETED_DEVICE_FAMILY = "1,2";
				VALIDATE_PRODUCT = YES;
			};
			name = Release;
		};
		08323D311CBE4F0D006344C7 /* Debug */ = {
			isa = XCBuildConfiguration;
			buildSettings = {
				ASSETCATALOG_COMPILER_APPICON_NAME = AppIcon;
				INFOPLIST_FILE = ButtonExperiment/Info.plist;
				LD_RUNPATH_SEARCH_PATHS = "$(inherited) @executable_path/Frameworks";
				PRODUCT_BUNDLE_IDENTIFIER = as.Ways.ButtonExperiment;
				PRODUCT_NAME = "$(TARGET_NAME)";
			};
			name = Debug;
		};
		08323D321CBE4F0D006344C7 /* Release */ = {
			isa = XCBuildConfiguration;
			buildSettings = {
				ASSETCATALOG_COMPILER_APPICON_NAME = AppIcon;
				INFOPLIST_FILE = ButtonExperiment/Info.plist;
				LD_RUNPATH_SEARCH_PATHS = "$(inherited) @executable_path/Frameworks";
				PRODUCT_BUNDLE_IDENTIFIER = as.Ways.ButtonExperiment;
				PRODUCT_NAME = "$(TARGET_NAME)";
			};
			name = Release;
		};
		08323D341CBE4F0D006344C7 /* Debug */ = {
			isa = XCBuildConfiguration;
			buildSettings = {
				BUNDLE_LOADER = "$(TEST_HOST)";
				INFOPLIST_FILE = ButtonExperimentTests/Info.plist;
				LD_RUNPATH_SEARCH_PATHS = "$(inherited) @executable_path/Frameworks @loader_path/Frameworks";
				PRODUCT_BUNDLE_IDENTIFIER = as.Ways.ButtonExperimentTests;
				PRODUCT_NAME = "$(TARGET_NAME)";
				TEST_HOST = "$(BUILT_PRODUCTS_DIR)/ButtonExperiment.app/ButtonExperiment";
			};
			name = Debug;
		};
		08323D351CBE4F0D006344C7 /* Release */ = {
			isa = XCBuildConfiguration;
			buildSettings = {
				BUNDLE_LOADER = "$(TEST_HOST)";
				INFOPLIST_FILE = ButtonExperimentTests/Info.plist;
				LD_RUNPATH_SEARCH_PATHS = "$(inherited) @executable_path/Frameworks @loader_path/Frameworks";
				PRODUCT_BUNDLE_IDENTIFIER = as.Ways.ButtonExperimentTests;
				PRODUCT_NAME = "$(TARGET_NAME)";
				TEST_HOST = "$(BUILT_PRODUCTS_DIR)/ButtonExperiment.app/ButtonExperiment";
			};
			name = Release;
		};
		08323D371CBE4F0D006344C7 /* Debug */ = {
			isa = XCBuildConfiguration;
			buildSettings = {
				INFOPLIST_FILE = ButtonExperimentUITests/Info.plist;
				LD_RUNPATH_SEARCH_PATHS = "$(inherited) @executable_path/Frameworks @loader_path/Frameworks";
				PRODUCT_BUNDLE_IDENTIFIER = as.Ways.ButtonExperimentUITests;
				PRODUCT_NAME = "$(TARGET_NAME)";
				TEST_TARGET_NAME = ButtonExperiment;
			};
			name = Debug;
		};
		08323D381CBE4F0D006344C7 /* Release */ = {
			isa = XCBuildConfiguration;
			buildSettings = {
				INFOPLIST_FILE = ButtonExperimentUITests/Info.plist;
				LD_RUNPATH_SEARCH_PATHS = "$(inherited) @executable_path/Frameworks @loader_path/Frameworks";
				PRODUCT_BUNDLE_IDENTIFIER = as.Ways.ButtonExperimentUITests;
				PRODUCT_NAME = "$(TARGET_NAME)";
				TEST_TARGET_NAME = ButtonExperiment;
			};
			name = Release;
		};
/* End XCBuildConfiguration section */

/* Begin XCConfigurationList section */
		08323D031CBE4F0D006344C7 /* Build configuration list for PBXProject "ButtonExperiment" */ = {
			isa = XCConfigurationList;
			buildConfigurations = (
				08323D2E1CBE4F0D006344C7 /* Debug */,
				08323D2F1CBE4F0D006344C7 /* Release */,
			);
			defaultConfigurationIsVisible = 0;
			defaultConfigurationName = Release;
		};
		08323D301CBE4F0D006344C7 /* Build configuration list for PBXNativeTarget "ButtonExperiment" */ = {
			isa = XCConfigurationList;
			buildConfigurations = (
				08323D311CBE4F0D006344C7 /* Debug */,
				08323D321CBE4F0D006344C7 /* Release */,
			);
			defaultConfigurationIsVisible = 0;
		};
		08323D331CBE4F0D006344C7 /* Build configuration list for PBXNativeTarget "ButtonExperimentTests" */ = {
			isa = XCConfigurationList;
			buildConfigurations = (
				08323D341CBE4F0D006344C7 /* Debug */,
				08323D351CBE4F0D006344C7 /* Release */,
			);
			defaultConfigurationIsVisible = 0;
		};
		08323D361CBE4F0D006344C7 /* Build configuration list for PBXNativeTarget "ButtonExperimentUITests" */ = {
			isa = XCConfigurationList;
			buildConfigurations = (
				08323D371CBE4F0D006344C7 /* Debug */,
				08323D381CBE4F0D006344C7 /* Release */,
			);
			defaultConfigurationIsVisible = 0;
		};
/* End XCConfigurationList section */
	};
	rootObject = 08323D001CBE4F0D006344C7 /* Project object */;
}
